version = 1
revision = 3
requires-python = ">=3.11"
resolution-markers = [
    "python_full_version >= '3.12'",
    "python_full_version < '3.12'",
]

[[package]]
name = "asgiref"
version = "3.11.1"
source = { registry = "https://pypi.org/simple" }
sdist = { url = "https://files.pythonhosted.org/packages/63/40/f03da1264ae8f7cfdbf9146542e5e7e8100a4c66ab48e791df9a03d3f6c0/asgiref-3.11.1.tar.gz", hash = "sha256:5f184dc43b7e763efe848065441eac62229c9f7b0475f41f80e207a114eda4ce", size = 38550, upload-time = "2026-02-03T13:30:14.33Z" }
wheels = [
    { url = "https://files.pythonhosted.org/packages/5c/0a/a72d10ed65068e115044937873362e6e32fab1b7dce0046aeb224682c989/asgiref-3.11.1-py3-none-any.whl", hash = "sha256:e8667a091e69529631969fd45dc268fa79b99c92c5fcdda727757e52146ec133", size = 24345, upload-time = "2026-02-03T13:30:13.039Z" },
]

[[package]]
name = "django"
version = "5.2.12"
source = { registry = "https://pypi.org/simple" }
resolution-markers = [
    "python_full_version < '3.12'",
]
dependencies = [
    { name = "asgiref", marker = "python_full_version < '3.12'" },
    { name = "sqlparse", marker = "python_full_version < '3.12'" },
    { name = "tzdata", marker = "python_full_version < '3.12' and sys_platform == 'win32'" },
]
sdist = { url = "https://files.pythonhosted.org/packages/bd/55/b9445fc0695b03746f355c05b2eecc54c34e05198c686f4fc4406b722b52/django-5.2.12.tar.gz", hash = "sha256:6b809af7165c73eff5ce1c87fdae75d4da6520d6667f86401ecf55b681eb1eeb", size = 10860574, upload-time = "2026-03-03T13:56:05.509Z" }
wheels = [
    { url = "https://files.pythonhosted.org/packages/4e/32/4b144e125678efccf5d5b61581de1c4088d6b0286e46096e3b8de0d556c8/django-5.2.12-py3-none-any.whl", hash = "sha256:4853482f395c3a151937f6991272540fcbf531464f254a347bf7c89f53c8cff7", size = 8310245, upload-time = "2026-03-03T13:56:01.174Z" },
]

[[package]]
name = "django"
version = "6.0.3"
source = { registry = "https://pypi.org/simple" }
resolution-markers = [
    "python_full_version >= '3.12'",
]
dependencies = [
    { name = "asgiref", marker = "python_full_version >= '3.12'" },
    { name = "sqlparse", marker = "python_full_version >= '3.12'" },
    { name = "tzdata", marker = "python_full_version >= '3.12' and sys_platform == 'win32'" },
]
sdist = { url = "https://files.pythonhosted.org/packages/80/e1/894115c6bd70e2c8b66b0c40a3c367d83a5a48c034a4d904d31b62f7c53a/django-6.0.3.tar.gz", hash = "sha256:90be765ee756af8a6cbd6693e56452404b5ad15294f4d5e40c0a55a0f4870fe1", size = 10872701, upload-time = "2026-03-03T13:55:15.026Z" }
wheels = [
    { url = "https://files.pythonhosted.org/packages/72/b1/23f2556967c45e34d3d3cf032eb1bd3ef925ee458667fb99052a0b3ea3a6/django-6.0.3-py3-none-any.whl", hash = "sha256:2e5974441491ddb34c3f13d5e7a9f97b07ba03bf70234c0a9c68b79bbb235bc3", size = 8358527, upload-time = "2026-03-03T13:55:10.552Z" },
]

[[package]]
name = "djangorestframework"
version = "3.16.1"
source = { registry = "https://pypi.org/simple" }
dependencies = [
    { name = "django", version = "5.2.12", source = { registry = "https://pypi.org/simple" }, marker = "python_full_version < '3.12'" },
    { name = "django", version = "6.0.3", source = { registry = "https://pypi.org/simple" }, marker = "python_full_version >= '3.12'" },
]
sdist = { url = "https://files.pythonhosted.org/packages/8a/95/5376fe618646fde6899b3cdc85fd959716bb67542e273a76a80d9f326f27/djangorestframework-3.16.1.tar.gz", hash = "sha256:166809528b1aced0a17dc66c24492af18049f2c9420dbd0be29422029cfc3ff7", size = 1089735, upload-time = "2025-08-06T17:50:53.251Z" }
wheels = [
    { url = "https://files.pythonhosted.org/packages/b0/ce/bf8b9d3f415be4ac5588545b5fcdbbb841977db1c1d923f7568eeabe1689/djangorestframework-3.16.1-py3-none-any.whl", hash = "sha256:33a59f47fb9c85ede792cbf88bde71893bcda0667bc573f784649521f1102cec", size = 1080442, upload-time = "2025-08-06T17:50:50.667Z" },
]

[[package]]
name = "gunicorn"
version = "25.1.0"
source = { registry = "https://pypi.org/simple" }
dependencies = [
    { name = "packaging" },
]
sdist = { url = "https://files.pythonhosted.org/packages/66/13/ef67f59f6a7896fdc2c1d62b5665c5219d6b0a9a1784938eb9a28e55e128/gunicorn-25.1.0.tar.gz", hash = "sha256:1426611d959fa77e7de89f8c0f32eed6aa03ee735f98c01efba3e281b1c47616", size = 594377, upload-time = "2026-02-13T11:09:58.989Z" }
wheels = [
    { url = "https://files.pythonhosted.org/packages/da/73/4ad5b1f6a2e21cf1e85afdaad2b7b1a933985e2f5d679147a1953aaa192c/gunicorn-25.1.0-py3-none-any.whl", hash = "sha256:d0b1236ccf27f72cfe14bce7caadf467186f19e865094ca84221424e839b8b8b", size = 197067, upload-time = "2026-02-13T11:09:57.146Z" },
]

[[package]]
name = "packaging"
version = "26.0"
source = { registry = "https://pypi.org/simple" }
sdist = { url = "https://files.pythonhosted.org/packages/65/ee/299d360cdc32edc7d2cf530f3accf79c4fca01e96ffc950d8a52213bd8e4/packaging-26.0.tar.gz", hash = "sha256:00243ae351a257117b6a241061796684b084ed1c516a08c48a3f7e147a9d80b4", size = 143416, upload-time = "2026-01-21T20:50:39.064Z" }
wheels = [
    { url = "https://files.pythonhosted.org/packages/b7/b9/c538f279a4e237a006a2c98387d081e9eb060d203d8ed34467cc0f0b9b53/packaging-26.0-py3-none-any.whl", hash = "sha256:b36f1fef9334a5588b4166f8bcd26a14e521f2b55e6b9de3aaa80d3ff7a37529", size = 74366, upload-time = "2026-01-21T20:50:37.788Z" },
]

[[package]]
name = "sqlparse"
version = "0.5.5"
source = { registry = "https://pypi.org/simple" }
sdist = { url = "https://files.pythonhosted.org/packages/90/76/437d71068094df0726366574cf3432a4ed754217b436eb7429415cf2d480/sqlparse-0.5.5.tar.gz", hash = "sha256:e20d4a9b0b8585fdf63b10d30066c7c94c5d7a7ec47c889a2d83a3caa93ff28e", size = 120815, upload-time = "2025-12-19T07:17:45.073Z" }
wheels = [
    { url = "https://files.pythonhosted.org/packages/49/4b/359f28a903c13438ef59ebeee215fb25da53066db67b305c125f1c6d2a25/sqlparse-0.5.5-py3-none-any.whl", hash = "sha256:12a08b3bf3eec877c519589833aed092e2444e68240a3577e8e26148acc7b1ba", size = 46138, upload-time = "2025-12-19T07:17:46.573Z" },
]

[[package]]
name = "test-storage-backend"
version = "0.1.0"
source = { virtual = "." }
dependencies = [
    { name = "djangorestframework" },
    { name = "gunicorn" },
]

[package.dev-dependencies]
dev = [
    { name = "uv" },
]

[package.metadata]
requires-dist = [
    { name = "djangorestframework", specifier = ">=3.16.1" },
    { name = "gunicorn", specifier = ">=25.1.0" },
]

[package.metadata.requires-dev]
dev = [{ name = "uv", specifier = ">=0.10.8" }]

[[package]]
name = "tzdata"
version = "2025.3"
source = { registry = "https://pypi.org/simple" }
sdist = { url = "https://files.pythonhosted.org/packages/5e/a7/c202b344c5ca7daf398f3b8a477eeb205cf3b6f32e7ec3a6bac0629ca975/tzdata-2025.3.tar.gz", hash = "sha256:de39c2ca5dc7b0344f2eba86f49d614019d29f060fc4ebc8a417896a620b56a7", size = 196772, upload-time = "2025-12-13T17:45:35.667Z" }
wheels = [
    { url = "https://files.pythonhosted.org/packages/c7/b0/003792df09decd6849a5e39c28b513c06e84436a54440380862b5aeff25d/tzdata-2025.3-py2.py3-none-any.whl", hash = "sha256:06a47e5700f3081aab02b2e513160914ff0694bce9947d6b76ebd6bf57cfc5d1", size = 348521, upload-time = "2025-12-13T17:45:33.889Z" },
]

[[package]]
name = "uv"
version = "0.10.9"
source = { registry = "https://pypi.org/simple" }
sdist = { url = "https://files.pythonhosted.org/packages/f2/59/235fa08a6b56de82a45a385dc2bf724502f720f0a9692a1a8cb24aab3e6f/uv-0.10.9.tar.gz", hash = "sha256:31e76ae92e70fec47c3efab0c8094035ad7a578454482415b496fa39fc4d685c", size = 3945685, upload-time = "2026-03-06T21:21:16.219Z" }
wheels = [
    { url = "https://files.pythonhosted.org/packages/2f/6d/f87f1530d5db4132776d49dddd88b1c77bc08fa7b32bf585b366204e6fc2/uv-0.10.9-py3-none-linux_armv6l.whl", hash = "sha256:0649f83fa0f44f18627c00b2a9a60e5c3486a34799b2c874f2b3945b76048a67", size = 22617914, upload-time = "2026-03-06T21:20:48.282Z" },
    { url = "https://files.pythonhosted.org/packages/6f/34/2e5cd576d312eb1131b615f49ee95ff6efb740965324843617adae729cf2/uv-0.10.9-py3-none-macosx_10_12_x86_64.whl", hash = "sha256:880dd4cffe4bd184e8871ddf4c7d3c3b042e1f16d2682310644aa8d61eaea3e6", size = 21778779, upload-time = "2026-03-06T21:21:01.804Z" },
    { url = "https://files.pythonhosted.org/packages/89/35/684f641de4de2b20db7d2163c735b2bb211e3b3c84c241706d6448e5e868/uv-0.10.9-py3-none-macosx_11_0_arm64.whl", hash = "sha256:a7a784254380552398a6baf4149faf5b31a4003275f685c28421cf8197178a08", size = 20384301, upload-time = "2026-03-06T21:21:04.089Z" },
    { url = "https://files.pythonhosted.org/packages/eb/5c/7170cfd1b4af09b435abc5a89ff315af130cf4a5082e5eb1206ee46bba67/uv-0.10.9-py3-none-manylinux_2_17_aarch64.manylinux2014_aarch64.musllinux_1_1_aarch64.whl", hash = "sha256:5ea0e8598fa012cfa4480ecad4d112bc70f514157c3cc1555a7611c7b6b1ab0a", size = 22226893, upload-time = "2026-03-06T21:20:50.902Z" },
    { url = "https://files.pythonhosted.org/packages/43/5c/68a17934dc8a2897fd7928b1c03c965373a820dc182aad96f1be6cce33a1/uv-0.10.9-py3-none-manylinux_2_17_armv7l.manylinux2014_armv7l.musllinux_1_1_armv7l.whl", hash = "sha256:2d6b5367e9bf87eca51c0f2ecda26a1ff931e41409977b4f0a420de2f3e617cf", size = 22233832, upload-time = "2026-03-06T21:21:11.748Z" },
    { url = "https://files.pythonhosted.org/packages/00/10/d262172ac59b669ca9c006bcbdb49c1a168cc314a5de576a4bb476dfab4c/uv-0.10.9-py3-none-manylinux_2_17_armv7l.manylinux2014_armv7l.whl", hash = "sha256:bd04e34db27f9a1d5a0871980edc9f910bb11afbc4abca8234d5a363cbe63c04", size = 22192193, upload-time = "2026-03-06T21:20:59.48Z" },
    { url = "https://files.pythonhosted.org/packages/a2/e6/f75fef1e3e5b0cf3592a4c35ed5128164ef2e6bd6a2570a0782c0baf6d4b/uv-0.10.9-py3-none-manylinux_2_17_i686.manylinux2014_i686.whl", hash = "sha256:547deb57311fc64e4a6b8336228fca4cb4dcbeabdc6e85f14f7804dcd0bc8cd2", size = 23571687, upload-time = "2026-03-06T21:20:45.403Z" },
    { url = "https://files.pythonhosted.org/packages/31/28/4b1ee6f4aa0e1b935e66b6018691258d1b702ef9c5d8c71e853564ad0a3a/uv-0.10.9-py3-none-manylinux_2_17_ppc64le.manylinux2014_ppc64le.whl", hash = "sha256:e0091b6d0b666640d7407a433860184f77667077b73564e86d49c2a851f073a8", size = 24418225, upload-time = "2026-03-06T21:21:09.459Z" },
    { url = "https://files.pythonhosted.org/packages/39/a2/5e67987f8d55eeecca7d8f4e94ac3e973fa1e8aaf426fcb8f442e9f7e2bc/uv-0.10.9-py3-none-manylinux_2_17_s390x.manylinux2014_s390x.whl", hash = "sha256:81b2286e6fd869e3507971f39d14829c03e2e31caa8ecc6347b0ffacabb95a5b", size = 23555724, upload-time = "2026-03-06T21:20:54.085Z" },
    { url = "https://files.pythonhosted.org/packages/79/34/b104c413079874493eed7bf11838b47b697cf1f0ed7e9de374ea37b4e4e0/uv-0.10.9-py3-none-manylinux_2_17_x86_64.manylinux2014_x86_64.whl", hash = "sha256:7c9d6deb30edbc22123be75479f99fb476613eaf38a8034c0e98bba24a344179", size = 23438145, upload-time = "2026-03-06T21:21:26.866Z" },
    { url = "https://files.pythonhosted.org/packages/27/8a/cad762b3e9bfb961b68b2ae43a258a92b522918958954b50b09dcb14bb4e/uv-0.10.9-py3-none-manylinux_2_28_aarch64.whl", hash = "sha256:24b1ce6d626e06c4582946b6af07b08a032fcccd81fe54c3db3ed2d1c63a97dc", size = 22326765, upload-time = "2026-03-06T21:21:14.283Z" },
    { url = "https://files.pythonhosted.org/packages/a7/62/7e066f197f3eb8f8f71e25d703a29c89849c9c047240c1223e29bc0a37e4/uv-0.10.9-py3-none-manylinux_2_31_riscv64.whl", hash = "sha256:fa3401780273d96a2960dbeab58452ce1b387ad8c5da25be6221c0188519e21d", size = 23215175, upload-time = "2026-03-06T21:21:29.673Z" },
    { url = "https://files.pythonhosted.org/packages/7e/06/51db93b5edb8b0202c0ec6caf3f24384f5abdfc180b6376a3710223fd56f/uv-0.10.9-py3-none-musllinux_1_1_i686.whl", hash = "sha256:8f94a31832d2b4c565312ea17a71b8dd2f971e5aa570c5b796a27b2c9fcdb163", size = 22784507, upload-time = "2026-03-06T21:21:20.676Z" },
    { url = "https://files.pythonhosted.org/packages/96/34/1db511d9259c1f32e5e094133546e5723e183a9ba2c64f7ca6156badddee/uv-0.10.9-py3-none-musllinux_1_1_x86_64.whl", hash = "sha256:842c39c19d9072f1ad53c71bb4ecd1c9caa311d5de9d19e09a636274a6c95e2e", size = 23660703, upload-time = "2026-03-06T21:21:06.667Z" },
    { url = "https://files.pythonhosted.org/packages/6c/a0/58388abb252c7a37bc67422fce3a6b87404ea3fac44ca20132a4ba502235/uv-0.10.9-py3-none-win32.whl", hash = "sha256:ed44047c602449916ba18a8596715ef7edbbd00859f3db9eac010dc62a0edd30", size = 21524142, upload-time = "2026-03-06T21:21:18.246Z" },
    { url = "https://files.pythonhosted.org/packages/c9/e9/adf7a12136573937d12ac189569e2e90e7fad18b458192083df6986f3013/uv-0.10.9-py3-none-win_amd64.whl", hash = "sha256:af79552276d8bd622048ab2d67ec22120a6af64d83963c46b1482218c27b571f", size = 24103389, upload-time = "2026-03-06T21:20:56.495Z" },
    { url = "https://files.pythonhosted.org/packages/5e/49/4971affd9c62d26b3ff4a84dc6432275be72d9615d95f7bb9e027beeeed8/uv-0.10.9-py3-none-win_arm64.whl", hash = "sha256:47e18a0521d76293d4f60d129f520b18bddf1976b4a47b50f0fcb04fb6a9d40f", size = 22454171, upload-time = "2026-03-06T21:21:24.596Z" },
]
